<?xml version="1.0"?>
<CONFIG>
  <ProjectOptions>
    <Version Value="9"/>
    <General>
      <SessionStorage Value="InProjectDir"/>
      <MainUnit Value="0"/>
      <Title Value="MagicDispatcher"/>
      <ResourceType Value="res"/>
      <UseXPManifest Value="True"/>
      <Icon Value="0"/>
    </General>
    <i18n>
      <EnableI18N LFM="False"/>
    </i18n>
    <VersionInfo>
      <StringTable ProductVersion=""/>
    </VersionInfo>
    <BuildModes Count="1">
      <Item1 Name="Default" Default="True"/>
    </BuildModes>
    <PublishOptions>
      <Version Value="2"/>
      <IncludeFileFilter Value="*.(pas|pp|inc|lfm|lpr|lrs|lpi|lpk|sh|xml)"/>
      <ExcludeFileFilter Value="*.(bak|ppu|o|so);*~;backup"/>
    </PublishOptions>
    <RunParams>
      <local>
        <FormatVersion Value="1"/>
        <LaunchingApplication PathPlusParams="/usr/bin/xterm -T 'Lazarus Run Output' -e $(LazarusDir)/tools/runwait.sh $(TargetCmdLine)"/>
      </local>
    </RunParams>
    <RequiredPackages Count="2">
      <Item1>
        <PackageName Value="Printer4Lazarus"/>
      </Item1>
      <Item2>
        <PackageName Value="LCL"/>
      </Item2>
    </RequiredPackages>
    <Units Count="18">
      <Unit0>
        <Filename Value="MagicDispatcher.lpr"/>
        <IsPartOfProject Value="True"/>
        <UnitName Value="MagicDispatcher"/>
      </Unit0>
      <Unit1>
        <Filename Value="magicdispatcherrailroadunit1.pas"/>
        <IsPartOfProject Value="True"/>
        <UnitName Value="MagicDispatcherRailroadUnit1"/>
      </Unit1>
      <Unit2>
        <Filename Value="../MagicLibraries/persists1.pas"/>
        <IsPartOfProject Value="True"/>
        <UnitName Value="persists1"/>
      </Unit2>
      <Unit3>
        <Filename Value="../MagicLibraries/textio1.pas"/>
        <IsPartOfProject Value="True"/>
        <UnitName Value="TextIO1"/>
      </Unit3>
      <Unit4>
        <Filename Value="../MagicLibraries/common1.pas"/>
        <IsPartOfProject Value="True"/>
        <UnitName Value="Common1"/>
      </Unit4>
      <Unit5>
        <Filename Value="magicdispatcherrailroadform1.pas"/>
        <IsPartOfProject Value="True"/>
        <ComponentName Value="RailroadForm1"/>
        <HasResources Value="True"/>
        <ResourceBaseClass Value="Form"/>
        <UnitName Value="magicdispatcherrailroadform1"/>
      </Unit5>
      <Unit6>
        <Filename Value="railroaddefaultsform1.pas"/>
        <IsPartOfProject Value="True"/>
        <ComponentName Value="DefaultsForm"/>
        <HasResources Value="True"/>
        <ResourceBaseClass Value="Form"/>
        <UnitName Value="railroaddefaultsform1"/>
      </Unit6>
      <Unit7>
        <Filename Value="railroadsectionsform1.pas"/>
        <IsPartOfProject Value="True"/>
        <ComponentName Value="SectionsForm"/>
        <HasResources Value="True"/>
        <ResourceBaseClass Value="Form"/>
        <UnitName Value="railroadsectionsform1"/>
      </Unit7>
      <Unit8>
        <Filename Value="railroadbaseform1.pas"/>
        <IsPartOfProject Value="True"/>
        <ComponentName Value="RailroadBaseForm"/>
        <HasResources Value="True"/>
        <ResourceBaseClass Value="Form"/>
        <UnitName Value="railroadbaseform1"/>
      </Unit8>
      <Unit9>
        <Filename Value="../MagicLibraries/magicmainformbase1.pas"/>
        <IsPartOfProject Value="True"/>
        <ComponentName Value="MagicMainFormBase"/>
        <HasResources Value="True"/>
        <ResourceBaseClass Value="Form"/>
        <UnitName Value="magicmainformbase1"/>
      </Unit9>
      <Unit10>
        <Filename Value="magicdispatchermainform.pas"/>
        <IsPartOfProject Value="True"/>
        <ComponentName Value="MainForm"/>
        <HasResources Value="True"/>
        <ResourceBaseClass Value="Form"/>
        <UnitName Value="magicdispatchermainform"/>
      </Unit10>
      <Unit11>
        <Filename Value="../MagicLibraries/cursorstackunit1.pas"/>
        <IsPartOfProject Value="True"/>
        <UnitName Value="CursorStackUnit1"/>
      </Unit11>
      <Unit12>
        <Filename Value="../MagicLibraries/picturepersists1.pas"/>
        <IsPartOfProject Value="True"/>
        <UnitName Value="PicturePersists1"/>
      </Unit12>
      <Unit13>
        <Filename Value="railroadsectionsunit1.pas"/>
        <IsPartOfProject Value="True"/>
        <UnitName Value="railroadsectionsunit1"/>
      </Unit13>
      <Unit14>
        <Filename Value="../MagicLibraries/generics1.pas"/>
        <IsPartOfProject Value="True"/>
        <UnitName Value="generics1"/>
      </Unit14>
      <Unit15>
        <Filename Value="railroadtracksunit1.pas"/>
        <IsPartOfProject Value="True"/>
        <UnitName Value="railroadtracksunit1"/>
      </Unit15>
      <Unit16>
        <Filename Value="railroadtracksform1.pas"/>
        <IsPartOfProject Value="True"/>
        <ComponentName Value="TrackForm"/>
        <HasResources Value="True"/>
        <ResourceBaseClass Value="Form"/>
        <UnitName Value="railroadtracksform1"/>
      </Unit16>
      <Unit17>
        <Filename Value="railroadtracksform2.pas"/>
        <IsPartOfProject Value="True"/>
        <ComponentName Value="TrackForm2"/>
        <HasResources Value="True"/>
        <ResourceBaseClass Value="Form"/>
        <UnitName Value="railroadtracksform2"/>
      </Unit17>
    </Units>
  </ProjectOptions>
  <CompilerOptions>
    <Version Value="11"/>
    <Target>
      <Filename Value="MagicDispatcher"/>
    </Target>
    <SearchPaths>
      <IncludeFiles Value="$(ProjOutDir)"/>
      <OtherUnitFiles Value="../MagicLibraries"/>
      <UnitOutputDirectory Value="lib/$(TargetCPU)-$(TargetOS)"/>
    </SearchPaths>
    <Linking>
      <Debugging>
        <UseHeaptrc Value="True"/>
      </Debugging>
    </Linking>
    <Other>
      <CompilerMessages>
        <MsgFileName Value=""/>
      </CompilerMessages>
      <CompilerPath Value="$(CompPath)"/>
    </Other>
  </CompilerOptions>
  <Debugging>
    <Exceptions Count="3">
      <Item1>
        <Name Value="EAbort"/>
      </Item1>
      <Item2>
        <Name Value="ECodetoolError"/>
      </Item2>
      <Item3>
        <Name Value="EFOpenError"/>
      </Item3>
    </Exceptions>
  </Debugging>
</CONFIG>
